// !$*UTF8*$!
{
	archiveVersion = 1;
	classes = {
	};
	objectVersion = 48;
	objects = {

/* Begin PBXBuildFile section */
		EA00810920D7CE160016A317 /* Windows_ShopperTests.swift in Sources */ = {isa = PBXBuildFile; fileRef = EA00810820D7CE160016A317 /* Windows_ShopperTests.swift */; };
		EA00811220E0D7E20016A317 /* Wage.swift in Sources */ = {isa = PBXBuildFile; fileRef = EA00811120E0D7E20016A317 /* Wage.swift */; };
		EA00811420E0EB110016A317 /* Wage.swift in Sources */ = {isa = PBXBuildFile; fileRef = EA00811120E0D7E20016A317 /* Wage.swift */; };
		EA27370020D671AD004463E6 /* AppDelegate.swift in Sources */ = {isa = PBXBuildFile; fileRef = EA2736FF20D671AD004463E6 /* AppDelegate.swift */; };
		EA27370220D671AD004463E6 /* MainVC.swift in Sources */ = {isa = PBXBuildFile; fileRef = EA27370120D671AD004463E6 /* MainVC.swift */; };
		EA27370520D671AD004463E6 /* Main.storyboard in Resources */ = {isa = PBXBuildFile; fileRef = EA27370320D671AD004463E6 /* Main.storyboard */; };
		EA27370720D671AD004463E6 /* Assets.xcassets in Resources */ = {isa = PBXBuildFile; fileRef = EA27370620D671AD004463E6 /* Assets.xcassets */; };
		EA27370A20D671AD004463E6 /* LaunchScreen.storyboard in Resources */ = {isa = PBXBuildFile; fileRef = EA27370820D671AD004463E6 /* LaunchScreen.storyboard */; };
		EA27371420D67B12004463E6 /* CurrencyTextField.swift in Sources */ = {isa = PBXBuildFile; fileRef = EA27371320D67B12004463E6 /* CurrencyTextField.swift */; };
/* End PBXBuildFile section */

/* Begin PBXContainerItemProxy section */
		EA00810B20D7CE160016A317 /* PBXContainerItemProxy */ = {
			isa = PBXContainerItemProxy;
			containerPortal = EA2736F420D671AD004463E6 /* Project object */;
			proxyType = 1;
			remoteGlobalIDString = EA2736FB20D671AD004463E6;
			remoteInfo = "Windows-Shopper";
		};
/* End PBXContainerItemProxy section */

/* Begin PBXFileReference section */
		EA00810620D7CE160016A317 /* Windows-ShopperTests.xctest */ = {isa = PBXFileReference; explicitFileType = wrapper.cfbundle; includeInIndex = 0; path = "Windows-ShopperTests.xctest"; sourceTree = BUILT_PRODUCTS_DIR; };
		EA00810820D7CE160016A317 /* Windows_ShopperTests.swift */ = {isa = PBXFileReference; lastKnownFileType = sourcecode.swift; path = Windows_ShopperTests.swift; sourceTree = "<group>"; };
		EA00810A20D7CE160016A317 /* Info.plist */ = {isa = PBXFileReference; lastKnownFileType = text.plist.xml; path = Info.plist; sourceTree = "<group>"; };
		EA00811120E0D7E20016A317 /* Wage.swift */ = {isa = PBXFileReference; lastKnownFileType = sourcecode.swift; path = Wage.swift; sourceTree = "<group>"; };
		EA2736FC20D671AD004463E6 /* Windows-Shopper.app */ = {isa = PBXFileReference; explicitFileType = wrapper.application; includeInIndex = 0; path = "Windows-Shopper.app"; sourceTree = BUILT_PRODUCTS_DIR; };
		EA2736FF20D671AD004463E6 /* AppDelegate.swift */ = {isa = PBXFileReference; lastKnownFileType = sourcecode.swift; path = AppDelegate.swift; sourceTree = "<group>"; };
		EA27370120D671AD004463E6 /* MainVC.swift */ = {isa = PBXFileReference; lastKnownFileType = sourcecode.swift; path = MainVC.swift; sourceTree = "<group>"; };
		EA27370420D671AD004463E6 /* Base */ = {isa = PBXFileReference; lastKnownFileType = file.storyboard; name = Base; path = Base.lproj/Main.storyboard; sourceTree = "<group>"; };
		EA27370620D671AD004463E6 /* Assets.xcassets */ = {isa = PBXFileReference; lastKnownFileType = folder.assetcatalog; path = Assets.xcassets; sourceTree = "<group>"; };
		EA27370920D671AD004463E6 /* Base */ = {isa = PBXFileReference; lastKnownFileType = file.storyboard; name = Base; path = Base.lproj/LaunchScreen.storyboard; sourceTree = "<group>"; };
		EA27370B20D671AD004463E6 /* Info.plist */ = {isa = PBXFileReference; lastKnownFileType = text.plist.xml; path = Info.plist; sourceTree = "<group>"; };
		EA27371320D67B12004463E6 /* CurrencyTextField.swift */ = {isa = PBXFileReference; lastKnownFileType = sourcecode.swift; path = CurrencyTextField.swift; sourceTree = "<group>"; };
/* End PBXFileReference section */

/* Begin PBXFrameworksBuildPhase section */
		EA00810320D7CE160016A317 /* Frameworks */ = {
			isa = PBXFrameworksBuildPhase;
			buildActionMask = 2147483647;
			files = (
			);
			runOnlyForDeploymentPostprocessing = 0;
		};
		EA2736F920D671AD004463E6 /* Frameworks */ = {
			isa = PBXFrameworksBuildPhase;
			buildActionMask = 2147483647;
			files = (
			);
			runOnlyForDeploymentPostprocessing = 0;
		};
/* End PBXFrameworksBuildPhase section */

/* Begin PBXGroup section */
		EA00810720D7CE160016A317 /* Windows-ShopperTests */ = {
			isa = PBXGroup;
			children = (
				EA00810820D7CE160016A317 /* Windows_ShopperTests.swift */,
				EA00810A20D7CE160016A317 /* Info.plist */,
			);
			path = "Windows-ShopperTests";
			sourceTree = "<group>";
		};
		EA00811020E0D7C40016A317 /* Model */ = {
			isa = PBXGroup;
			children = (
				EA00811120E0D7E20016A317 /* Wage.swift */,
			);
			path = Model;
			sourceTree = "<group>";
		};
		EA2736F320D671AD004463E6 = {
			isa = PBXGroup;
			children = (
				EA2736FE20D671AD004463E6 /* Windows-Shopper */,
				EA00810720D7CE160016A317 /* Windows-ShopperTests */,
				EA2736FD20D671AD004463E6 /* Products */,
			);
			sourceTree = "<group>";
		};
		EA2736FD20D671AD004463E6 /* Products */ = {
			isa = PBXGroup;
			children = (
				EA2736FC20D671AD004463E6 /* Windows-Shopper.app */,
				EA00810620D7CE160016A317 /* Windows-ShopperTests.xctest */,
			);
			name = Products;
			sourceTree = "<group>";
		};
		EA2736FE20D671AD004463E6 /* Windows-Shopper */ = {
			isa = PBXGroup;
			children = (
				EA00811020E0D7C40016A317 /* Model */,
				EA27371220D67AB5004463E6 /* Views */,
				EA27371120D678E2004463E6 /* Controller */,
				EA2736FF20D671AD004463E6 /* AppDelegate.swift */,
				EA27370320D671AD004463E6 /* Main.storyboard */,
				EA27370620D671AD004463E6 /* Assets.xcassets */,
				EA27370820D671AD004463E6 /* LaunchScreen.storyboard */,
				EA27370B20D671AD004463E6 /* Info.plist */,
			);
			path = "Windows-Shopper";
			sourceTree = "<group>";
		};
		EA27371120D678E2004463E6 /* Controller */ = {
			isa = PBXGroup;
			children = (
				EA27370120D671AD004463E6 /* MainVC.swift */,
			);
			path = Controller;
			sourceTree = "<group>";
		};
		EA27371220D67AB5004463E6 /* Views */ = {
			isa = PBXGroup;
			children = (
				EA27371320D67B12004463E6 /* CurrencyTextField.swift */,
			);
			path = Views;
			sourceTree = "<group>";
		};
/* End PBXGroup section */

/* Begin PBXNativeTarget section */
		EA00810520D7CE160016A317 /* Windows-ShopperTests */ = {
			isa = PBXNativeTarget;
			buildConfigurationList = EA00810F20D7CE160016A317 /* Build configuration list for PBXNativeTarget "Windows-ShopperTests" */;
			buildPhases = (
				EA00810220D7CE160016A317 /* Sources */,
				EA00810320D7CE160016A317 /* Frameworks */,
				EA00810420D7CE160016A317 /* Resources */,
			);
			buildRules = (
			);
			dependencies = (
				EA00810C20D7CE160016A317 /* PBXTargetDependency */,
			);
			name = "Windows-ShopperTests";
			productName = "Windows-ShopperTests";
			productReference = EA00810620D7CE160016A317 /* Windows-ShopperTests.xctest */;
			productType = "com.apple.product-type.bundle.unit-test";
		};
		EA2736FB20D671AD004463E6 /* Windows-Shopper */ = {
			isa = PBXNativeTarget;
			buildConfigurationList = EA27370E20D671AD004463E6 /* Build configuration list for PBXNativeTarget "Windows-Shopper" */;
			buildPhases = (
				EA2736F820D671AD004463E6 /* Sources */,
				EA2736F920D671AD004463E6 /* Frameworks */,
				EA2736FA20D671AD004463E6 /* Resources */,
			);
			buildRules = (
			);
			dependencies = (
			);
			name = "Windows-Shopper";
			productName = "Windows-Shopper";
			productReference = EA2736FC20D671AD004463E6 /* Windows-Shopper.app */;
			productType = "com.apple.product-type.application";
		};
/* End PBXNativeTarget section */

/* Begin PBXProject section */
		EA2736F420D671AD004463E6 /* Project object */ = {
			isa = PBXProject;
			attributes = {
				LastSwiftUpdateCheck = 0900;
				LastUpgradeCheck = 0900;
				ORGANIZATIONNAME = Nazanin;
				TargetAttributes = {
					EA00810520D7CE160016A317 = {
						CreatedOnToolsVersion = 9.0;
						ProvisioningStyle = Automatic;
						TestTargetID = EA2736FB20D671AD004463E6;
					};
					EA2736FB20D671AD004463E6 = {
						CreatedOnToolsVersion = 9.0;
						ProvisioningStyle = Automatic;
					};
				};
			};
			buildConfigurationList = EA2736F720D671AD004463E6 /* Build configuration list for PBXProject "Windows-Shopper" */;
			compatibilityVersion = "Xcode 8.0";
			developmentRegion = en;
			hasScannedForEncodings = 0;
			knownRegions = (
				en,
				Base,
			);
			mainGroup = EA2736F320D671AD004463E6;
			productRefGroup = EA2736FD20D671AD004463E6 /* Products */;
			projectDirPath = "";
			projectRoot = "";
			targets = (
				EA2736FB20D671AD004463E6 /* Windows-Shopper */,
				EA00810520D7CE160016A317 /* Windows-ShopperTests */,
			);
		};
/* End PBXProject section */

/* Begin PBXResourcesBuildPhase section */
		EA00810420D7CE160016A317 /* Resources */ = {
			isa = PBXResourcesBuildPhase;
			buildActionMask = 2147483647;
			files = (
			);
			runOnlyForDeploymentPostprocessing = 0;
		};
		EA2736FA20D671AD004463E6 /* Resources */ = {
			isa = PBXResourcesBuildPhase;
			buildActionMask = 2147483647;
			files = (
				EA27370A20D671AD004463E6 /* LaunchScreen.storyboard in Resources */,
				EA27370720D671AD004463E6 /* Assets.xcassets in Resources */,
				EA27370520D671AD004463E6 /* Main.storyboard in Resources */,
			);
			runOnlyForDeploymentPostprocessing = 0;
		};
/* End PBXResourcesBuildPhase section */

/* Begin PBXSourcesBuildPhase section */
		EA00810220D7CE160016A317 /* Sources */ = {
			isa = PBXSourcesBuildPhase;
			buildActionMask = 2147483647;
			files = (
				EA00810920D7CE160016A317 /* Windows_ShopperTests.swift in Sources */,
				EA00811420E0EB110016A317 /* Wage.swift in Sources */,
			);
			runOnlyForDeploymentPostprocessing = 0;
		};
		EA2736F820D671AD004463E6 /* Sources */ = {
			isa = PBXSourcesBuildPhase;
			buildActionMask = 2147483647;
			files = (
				EA27371420D67B12004463E6 /* CurrencyTextField.swift in Sources */,
				EA00811220E0D7E20016A317 /* Wage.swift in Sources */,
				EA27370220D671AD004463E6 /* MainVC.swift in Sources */,
				EA27370020D671AD004463E6 /* AppDelegate.swift in Sources */,
			);
			runOnlyForDeploymentPostprocessing = 0;
		};
/* End PBXSourcesBuildPhase section */

/* Begin PBXTargetDependency section */
		EA00810C20D7CE160016A317 /* PBXTargetDependency */ = {
			isa = PBXTargetDependency;
			target = EA2736FB20D671AD004463E6 /* Windows-Shopper */;
			targetProxy = EA00810B20D7CE160016A317 /* PBXContainerItemProxy */;
		};
/* End PBXTargetDependency section */

/* Begin PBXVariantGroup section */
		EA27370320D671AD004463E6 /* Main.storyboard */ = {
			isa = PBXVariantGroup;
			children = (
				EA27370420D671AD004463E6 /* Base */,
			);
			name = Main.storyboard;
			sourceTree = "<group>";
		};
		EA27370820D671AD004463E6 /* LaunchScreen.storyboard */ = {
			isa = PBXVariantGroup;
			children = (
				EA27370920D671AD004463E6 /* Base */,
			);
			name = LaunchScreen.storyboard;
			sourceTree = "<group>";
		};
/* End PBXVariantGroup section */

/* Begin XCBuildConfiguration section */
		EA00810D20D7CE160016A317 /* Debug */ = {
			isa = XCBuildConfiguration;
			buildSettings = {
				BUNDLE_LOADER = "$(TEST_HOST)";
				CODE_SIGN_STYLE = Automatic;
				INFOPLIST_FILE = "Windows-ShopperTests/Info.plist";
				LD_RUNPATH_SEARCH_PATHS = "$(inherited) @executable_path/Frameworks @loader_path/Frameworks";
				PRODUCT_BUNDLE_IDENTIFIER = "com.example.Windows-ShopperTests";
				PRODUCT_NAME = "$(TARGET_NAME)";
				SWIFT_VERSION = 4.0;
				TARGETED_DEVICE_FAMILY = "1,2";
				TEST_HOST = "$(BUILT_PRODUCTS_DIR)/Windows-Shopper.app/Windows-Shopper";
			};
			name = Debug;
		};
		EA00810E20D7CE160016A317 /* Release */ = {
			isa = XCBuildConfiguration;
			buildSettings = {
				BUNDLE_LOADER = "$(TEST_HOST)";
				CODE_SIGN_STYLE = Automatic;
				INFOPLIST_FILE = "Windows-ShopperTests/Info.plist";
				LD_RUNPATH_SEARCH_PATHS = "$(inherited) @executable_path/Frameworks @loader_path/Frameworks";
				PRODUCT_BUNDLE_IDENTIFIER = "com.example.Windows-ShopperTests";
				PRODUCT_NAME = "$(TARGET_NAME)";
				SWIFT_VERSION = 4.0;
				TARGETED_DEVICE_FAMILY = "1,2";
				TEST_HOST = "$(BUILT_PRODUCTS_DIR)/Windows-Shopper.app/Windows-Shopper";
			};
			name = Release;
		};
		EA27370C20D671AD004463E6 /* Debug */ = {
			isa = XCBuildConfiguration;
			buildSettings = {
				ALWAYS_SEARCH_USER_PATHS = NO;
				CLANG_ANALYZER_NONNULL = YES;
				CLANG_ANALYZER_NUMBER_OBJECT_CONVERSION = YES_AGGRESSIVE;
				CLANG_CXX_LANGUAGE_STANDARD = "gnu++14";
				CLANG_CXX_LIBRARY = "libc++";
				CLANG_ENABLE_MODULES = YES;
				CLANG_ENABLE_OBJC_ARC = YES;
				CLANG_WARN_BLOCK_CAPTURE_AUTORELEASING = YES;
				CLANG_WARN_BOOL_CONVERSION = YES;
				CLANG_WARN_COMMA = YES;
				CLANG_WARN_CONSTANT_CONVERSION = YES;
				CLANG_WARN_DIRECT_OBJC_ISA_USAGE = YES_ERROR;
				CLANG_WARN_DOCUMENTATION_COMMENTS = YES;
				CLANG_WARN_EMPTY_BODY = YES;
				CLANG_WARN_ENUM_CONVERSION = YES;
				CLANG_WARN_INFINITE_RECURSION = YES;
				CLANG_WARN_INT_CONVERSION = YES;
				CLANG_WARN_NON_LITERAL_NULL_CONVERSION = YES;
				CLANG_WARN_OBJC_LITERAL_CONVERSION = YES;
				CLANG_WARN_OBJC_ROOT_CLASS = YES_ERROR;
				CLANG_WARN_RANGE_LOOP_ANALYSIS = YES;
				CLANG_WARN_STRICT_PROTOTYPES = YES;
				CLANG_WARN_SUSPICIOUS_MOVE = YES;
				CLANG_WARN_UNGUARDED_AVAILABILITY = YES_AGGRESSIVE;
				CLANG_WARN_UNREACHABLE_CODE = YES;
				CLANG_WARN__DUPLICATE_METHOD_MATCH = YES;
				CODE_SIGN_IDENTITY = "iPhone Developer";
				COPY_PHASE_STRIP = NO;
				DEBUG_INFORMATION_FORMAT = dwarf;
				ENABLE_STRICT_OBJC_MSGSEND = YES;
				ENABLE_TESTABILITY = YES;
				GCC_C_LANGUAGE_STANDARD = gnu11;
				GCC_DYNAMIC_NO_PIC = NO;
				GCC_NO_COMMON_BLOCKS = YES;
				GCC_OPTIMIZATION_LEVEL = 0;
				GCC_PREPROCESSOR_DEFINITIONS = (
					"DEBUG=1",
					"$(inherited)",
				);
				GCC_WARN_64_TO_32_BIT_CONVERSION = YES;
				GCC_WARN_ABOUT_RETURN_TYPE = YES_ERROR;
				GCC_WARN_UNDECLARED_SELECTOR = YES;
				GCC_WARN_UNINITIALIZED_AUTOS = YES_AGGRESSIVE;
				GCC_WARN_UNUSED_FUNCTION = YES;
				GCC_WARN_UNUSED_VARIABLE = YES;
				IPHONEOS_DEPLOYMENT_TARGET = 11.0;
				MTL_ENABLE_DEBUG_INFO = YES;
				ONLY_ACTIVE_ARCH = YES;
				SDKROOT = iphoneos;
				SWIFT_ACTIVE_COMPILATION_CONDITIONS = DEBUG;
				SWIFT_OPTIMIZATION_LEVEL = "-Onone";
			};
			name = Debug;
		};
		EA27370D20D671AD004463E6 /* Release */ = {
			isa = XCBuildConfiguration;
			buildSettings = {
				ALWAYS_SEARCH_USER_PATHS = NO;
				CLANG_ANALYZER_NONNULL = YES;
				CLANG_ANALYZER_NUMBER_OBJECT_CONVERSION = YES_AGGRESSIVE;
				CLANG_CXX_LANGUAGE_STANDARD = "gnu++14";
				CLANG_CXX_LIBRARY = "libc++";
				CLANG_ENABLE_MODULES = YES;
				CLANG_ENABLE_OBJC_ARC = YES;
				CLANG_WARN_BLOCK_CAPTURE_AUTORELEASING = YES;
				CLANG_WARN_BOOL_CONVERSION = YES;
				CLANG_WARN_COMMA = YES;
				CLANG_WARN_CONSTANT_CONVERSION = YES;
				CLANG_WARN_DIRECT_OBJC_ISA_USAGE = YES_ERROR;
				CLANG_WARN_DOCUMENTATION_COMMENTS = YES;
				CLANG_WARN_EMPTY_BODY = YES;
				CLANG_WARN_ENUM_CONVERSION = YES;
				CLANG_WARN_INFINITE_RECURSION = YES;
				CLANG_WARN_INT_CONVERSION = YES;
				CLANG_WARN_NON_LITERAL_NULL_CONVERSION = YES;
				CLANG_WARN_OBJC_LITERAL_CONVERSION = YES;
				CLANG_WARN_OBJC_ROOT_CLASS = YES_ERROR;
				CLANG_WARN_RANGE_LOOP_ANALYSIS = YES;
				CLANG_WARN_STRICT_PROTOTYPES = YES;
				CLANG_WARN_SUSPICIOUS_MOVE = YES;
				CLANG_WARN_UNGUARDED_AVAILABILITY = YES_AGGRESSIVE;
				CLANG_WARN_UNREACHABLE_CODE = YES;
				CLANG_WARN__DUPLICATE_METHOD_MATCH = YES;
				CODE_SIGN_IDENTITY = "iPhone Developer";
				COPY_PHASE_STRIP = NO;
				DEBUG_INFORMATION_FORMAT = "dwarf-with-dsym";
				ENABLE_NS_ASSERTIONS = NO;
				ENABLE_STRICT_OBJC_MSGSEND = YES;
				GCC_C_LANGUAGE_STANDARD = gnu11;
				GCC_NO_COMMON_BLOCKS = YES;
				GCC_WARN_64_TO_32_BIT_CONVERSION = YES;
				GCC_WARN_ABOUT_RETURN_TYPE = YES_ERROR;
				GCC_WARN_UNDECLARED_SELECTOR = YES;
				GCC_WARN_UNINITIALIZED_AUTOS = YES_AGGRESSIVE;
				GCC_WARN_UNUSED_FUNCTION = YES;
				GCC_WARN_UNUSED_VARIABLE = YES;
				IPHONEOS_DEPLOYMENT_TARGET = 11.0;
				MTL_ENABLE_DEBUG_INFO = NO;
				SDKROOT = iphoneos;
				SWIFT_OPTIMIZATION_LEVEL = "-Owholemodule";
				VALIDATE_PRODUCT = YES;
			};
			name = Release;
		};
		EA27370F20D671AD004463E6 /* Debug */ = {
			isa = XCBuildConfiguration;
			buildSettings = {
				ASSETCATALOG_COMPILER_APPICON_NAME = AppIcon;
				CODE_SIGN_STYLE = Automatic;
				INFOPLIST_FILE = "Windows-Shopper/Info.plist";
				LD_RUNPATH_SEARCH_PATHS = "$(inherited) @executable_path/Frameworks";
				PRODUCT_BUNDLE_IDENTIFIER = "com.example.Windows-Shopper";
				PRODUCT_NAME = "$(TARGET_NAME)";
				SWIFT_VERSION = 4.0;
				TARGETED_DEVICE_FAMILY = "1,2";
			};
			name = Debug;
		};
		EA27371020D671AD004463E6 /* Release */ = {
			isa = XCBuildConfiguration;
			buildSettings = {
				ASSETCATALOG_COMPILER_APPICON_NAME = AppIcon;
				CODE_SIGN_STYLE = Automatic;
				INFOPLIST_FILE = "Windows-Shopper/Info.plist";
				LD_RUNPATH_SEARCH_PATHS = "$(inherited) @executable_path/Frameworks";
				PRODUCT_BUNDLE_IDENTIFIER = "com.example.Windows-Shopper";
				PRODUCT_NAME = "$(TARGET_NAME)";
				SWIFT_VERSION = 4.0;
				TARGETED_DEVICE_FAMILY = "1,2";
			};
			name = Release;
		};
/* End XCBuildConfiguration section */

/* Begin XCConfigurationList section */
		EA00810F20D7CE160016A317 /* Build configuration list for PBXNativeTarget "Windows-ShopperTests" */ = {
			isa = XCConfigurationList;
			buildConfigurations = (
				EA00810D20D7CE160016A317 /* Debug */,
				EA00810E20D7CE160016A317 /* Release */,
			);
			defaultConfigurationIsVisible = 0;
			defaultConfigurationName = Release;
		};
		EA2736F720D671AD004463E6 /* Build configuration list for PBXProject "Windows-Shopper" */ = {
			isa = XCConfigurationList;
			buildConfigurations = (
				EA27370C20D671AD004463E6 /* Debug */,
				EA27370D20D671AD004463E6 /* Release */,
			);
			defaultConfigurationIsVisible = 0;
			defaultConfigurationName = Release;
		};
		EA27370E20D671AD004463E6 /* Build configuration list for PBXNativeTarget "Windows-Shopper" */ = {
			isa = XCConfigurationList;
			buildConfigurations = (
				EA27370F20D671AD004463E6 /* Debug */,
				EA27371020D671AD004463E6 /* Release */,
			);
			defaultConfigurationIsVisible = 0;
			defaultConfigurationName = Release;
		};
/* End XCConfigurationList section */
	};
	rootObject = EA2736F420D671AD004463E6 /* Project object */;
}
